
Microsoft Visual Studio Solution File, Format Version 12.00
# Visual Studio Version 16
VisualStudioVersion = 16.0.29306.81
MinimumVisualStudioVersion = 10.0.40219.1
Project("{FAE04EC0-301F-11D3-BF4B-00C04F79EFBC}") = "DB", "DB\DB.csproj", "{95EDFCD2-9694-4833-988C-1600BDBA1488}"
EndProject
Global
	GlobalSection(SolutionConfigurationPlatforms) = preSolution
		Debug|Any CPU = Debug|Any CPU
		Debug|x86 = Debug|x86
		Release|Any CPU = Release|Any CPU
		Release|x86 = Release|x86
	EndGlobalSection
	GlobalSection(ProjectConfigurationPlatforms) = postSolution
		{95EDFCD2-9694-4833-988C-1600BDBA1488}.Debug|Any CPU.ActiveCfg = Debug|Any CPU
		{95EDFCD2-9694-4833-988C-1600BDBA1488}.Debug|Any CPU.Build.0 = Debug|Any CPU
		{95EDFCD2-9694-4833-988C-1600BDBA1488}.Debug|x86.ActiveCfg = Debug|Any CPU
		{95EDFCD2-9694-4833-988C-1600BDBA1488}.Debug|x86.Build.0 = Debug|Any CPU
		{95EDFCD2-9694-4833-988C-1600BDBA1488}.Release|Any CPU.ActiveCfg = Release|Any CPU
		{95EDFCD2-9694-4833-988C-1600BDBA1488}.Release|Any CPU.Build.0 = Release|Any CPU
		{95EDFCD2-9694-4833-988C-1600BDBA1488}.Release|x86.ActiveCfg = Release|Any CPU
		{95EDFCD2-9694-4833-988C-1600BDBA1488}.Release|x86.Build.0 = Release|Any CPU
	EndGlobalSection
	GlobalSection(SolutionProperties) = preSolution
		HideSolutionNode = FALSE
	EndGlobalSection
	GlobalSection(ExtensibilityGlobals) = postSolution
		SolutionGuid = {CBABE3B9-0108-4E7F-8D86-A876C43CD990}
	EndGlobalSection
EndGlobal
